
Microsoft Visual Studio Solution File, Format Version 12.00
# Visual Studio 15
Project("{FAE04EC0-301F-11D3-BF4B-00C04F79EFBC}") = "MediatedDataContract", "MediatedDataContract\MediatedDataContract.csproj", "{89A432C7-ACF4-47E5-8D8E-6D4A96F5D47F}"
EndProject
Global
	GlobalSection(SolutionConfigurationPlatforms) = preSolution
		Debug|Any CPU = Debug|Any CPU
		Release|Any CPU = Release|Any CPU
	EndGlobalSection
	GlobalSection(ProjectConfigurationPlatforms) = postSolution
		{89A432C7-ACF4-47E5-8D8E-6D4A96F5D47F}.Debug|Any CPU.ActiveCfg = Debug|Any CPU
		{89A432C7-ACF4-47E5-8D8E-6D4A96F5D47F}.Debug|Any CPU.Build.0 = Debug|Any CPU
		{89A432C7-ACF4-47E5-8D8E-6D4A96F5D47F}.Release|Any CPU.ActiveCfg = Release|Any CPU
		{89A432C7-ACF4-47E5-8D8E-6D4A96F5D47F}.Release|Any CPU.Build.0 = Release|Any CPU
	EndGlobalSection
EndGlobal
